// !$*UTF8*$!
{
	archiveVersion = 1;
	classes = {
	};
	objectVersion = 48;
	objects = {

/* Begin PBXBuildFile section */
		104E8D341FFBB18100321B1C /* ImageProcessor.m in Sources */ = {isa = PBXBuildFile; fileRef = 104E8D331FFBB18100321B1C /* ImageProcessor.m */; };
		104E8D3F1FFBB8B700321B1C /* UIImage+LogPixelsOfImage.m in Sources */ = {isa = PBXBuildFile; fileRef = 104E8D3E1FFBB8B700321B1C /* UIImage+LogPixelsOfImage.m */; };
		1096849B1FFBE59B00B0573F /* ImagePixelReader.swift in Sources */ = {isa = PBXBuildFile; fileRef = 1096849A1FFBE59B00B0573F /* ImagePixelReader.swift */; };
		3B22F7B01FF340C400A30505 /* ScrollingTabBarUtils.swift in Sources */ = {isa = PBXBuildFile; fileRef = 3B22F7AF1FF340C400A30505 /* ScrollingTabBarUtils.swift */; };
		3B22F7B71FF3422E00A30505 /* LibraryViewController.swift in Sources */ = {isa = PBXBuildFile; fileRef = 3B22F7B61FF3422E00A30505 /* LibraryViewController.swift */; };
		3B22F7BD1FF3433F00A30505 /* ImportViewController.swift in Sources */ = {isa = PBXBuildFile; fileRef = 3B22F7BC1FF3433F00A30505 /* ImportViewController.swift */; };
		3B22F7BF1FF3435200A30505 /* MyGallaryViewController.swift in Sources */ = {isa = PBXBuildFile; fileRef = 3B22F7BE1FF3435200A30505 /* MyGallaryViewController.swift */; };
		3B22F7E71FF35EE300A30505 /* WatchVideoViewController.swift in Sources */ = {isa = PBXBuildFile; fileRef = 3B22F7E61FF35EE300A30505 /* WatchVideoViewController.swift */; };
		3B22F7EB1FF3637500A30505 /* UIStoryboard+Extension.swift in Sources */ = {isa = PBXBuildFile; fileRef = 3B22F7EA1FF3637500A30505 /* UIStoryboard+Extension.swift */; };
		3B5D20BE1FF387C800B1744C /* UIView+Extention.swift in Sources */ = {isa = PBXBuildFile; fileRef = 3B5D20BD1FF387C800B1744C /* UIView+Extention.swift */; };
		3B5D20C01FF38BC900B1744C /* UIImage+Extention.swift in Sources */ = {isa = PBXBuildFile; fileRef = 3B5D20BF1FF38BC900B1744C /* UIImage+Extention.swift */; };
		3B5D20C21FF38FF600B1744C /* CustomTabbarController.swift in Sources */ = {isa = PBXBuildFile; fileRef = 3B5D20C11FF38FF600B1744C /* CustomTabbarController.swift */; };
		3B6BC6851FF4D12900B6BCB1 /* UIButton+Extention.swift in Sources */ = {isa = PBXBuildFile; fileRef = 3B6BC6841FF4D12900B6BCB1 /* UIButton+Extention.swift */; };
		3B6BC6871FF4D13400B6BCB1 /* UILabel+Extention.swift in Sources */ = {isa = PBXBuildFile; fileRef = 3B6BC6861FF4D13400B6BCB1 /* UILabel+Extention.swift */; };
		FF8EBF991FF1E5DE004341AB /* AppDelegate.swift in Sources */ = {isa = PBXBuildFile; fileRef = FF8EBF981FF1E5DE004341AB /* AppDelegate.swift */; };
		FF8EBF9E1FF1E5DE004341AB /* Main.storyboard in Resources */ = {isa = PBXBuildFile; fileRef = FF8EBF9C1FF1E5DE004341AB /* Main.storyboard */; };
		FF8EBFA11FF1E5DE004341AB /* ColorNumber.xcdatamodeld in Sources */ = {isa = PBXBuildFile; fileRef = FF8EBF9F1FF1E5DE004341AB /* ColorNumber.xcdatamodeld */; };
		FF8EBFA31FF1E5DE004341AB /* Assets.xcassets in Resources */ = {isa = PBXBuildFile; fileRef = FF8EBFA21FF1E5DE004341AB /* Assets.xcassets */; };
		FF8EBFA61FF1E5DE004341AB /* LaunchScreen.storyboard in Resources */ = {isa = PBXBuildFile; fileRef = FF8EBFA41FF1E5DE004341AB /* LaunchScreen.storyboard */; };
/* End PBXBuildFile section */

/* Begin PBXFileReference section */
		104E8D321FFBB18100321B1C /* ImageProcessor.h */ = {isa = PBXFileReference; lastKnownFileType = sourcecode.c.h; path = ImageProcessor.h; sourceTree = "<group>"; };
		104E8D331FFBB18100321B1C /* ImageProcessor.m */ = {isa = PBXFileReference; lastKnownFileType = sourcecode.c.objc; path = ImageProcessor.m; sourceTree = "<group>"; };
		104E8D361FFBB24F00321B1C /* ColorNumber-Bridging-Header.h */ = {isa = PBXFileReference; lastKnownFileType = sourcecode.c.h; path = "ColorNumber-Bridging-Header.h"; sourceTree = "<group>"; };
		104E8D3D1FFBB8B700321B1C /* UIImage+LogPixelsOfImage.h */ = {isa = PBXFileReference; lastKnownFileType = sourcecode.c.h; path = "UIImage+LogPixelsOfImage.h"; sourceTree = "<group>"; };
		104E8D3E1FFBB8B700321B1C /* UIImage+LogPixelsOfImage.m */ = {isa = PBXFileReference; lastKnownFileType = sourcecode.c.objc; path = "UIImage+LogPixelsOfImage.m"; sourceTree = "<group>"; };
		1096849A1FFBE59B00B0573F /* ImagePixelReader.swift */ = {isa = PBXFileReference; lastKnownFileType = sourcecode.swift; path = ImagePixelReader.swift; sourceTree = "<group>"; };
		3B22F7AF1FF340C400A30505 /* ScrollingTabBarUtils.swift */ = {isa = PBXFileReference; lastKnownFileType = sourcecode.swift; path = ScrollingTabBarUtils.swift; sourceTree = "<group>"; };
		3B22F7B61FF3422E00A30505 /* LibraryViewController.swift */ = {isa = PBXFileReference; lastKnownFileType = sourcecode.swift; path = LibraryViewController.swift; sourceTree = "<group>"; };
		3B22F7BC1FF3433F00A30505 /* ImportViewController.swift */ = {isa = PBXFileReference; lastKnownFileType = sourcecode.swift; path = ImportViewController.swift; sourceTree = "<group>"; };
		3B22F7BE1FF3435200A30505 /* MyGallaryViewController.swift */ = {isa = PBXFileReference; lastKnownFileType = sourcecode.swift; path = MyGallaryViewController.swift; sourceTree = "<group>"; };
		3B22F7E61FF35EE300A30505 /* WatchVideoViewController.swift */ = {isa = PBXFileReference; lastKnownFileType = sourcecode.swift; path = WatchVideoViewController.swift; sourceTree = "<group>"; };
		3B22F7EA1FF3637500A30505 /* UIStoryboard+Extension.swift */ = {isa = PBXFileReference; lastKnownFileType = sourcecode.swift; path = "UIStoryboard+Extension.swift"; sourceTree = "<group>"; };
		3B5D20BD1FF387C800B1744C /* UIView+Extention.swift */ = {isa = PBXFileReference; lastKnownFileType = sourcecode.swift; path = "UIView+Extention.swift"; sourceTree = "<group>"; };
		3B5D20BF1FF38BC900B1744C /* UIImage+Extention.swift */ = {isa = PBXFileReference; lastKnownFileType = sourcecode.swift; path = "UIImage+Extention.swift"; sourceTree = "<group>"; };
		3B5D20C11FF38FF600B1744C /* CustomTabbarController.swift */ = {isa = PBXFileReference; lastKnownFileType = sourcecode.swift; path = CustomTabbarController.swift; sourceTree = "<group>"; };
		3B6BC6841FF4D12900B6BCB1 /* UIButton+Extention.swift */ = {isa = PBXFileReference; lastKnownFileType = sourcecode.swift; path = "UIButton+Extention.swift"; sourceTree = "<group>"; };
		3B6BC6861FF4D13400B6BCB1 /* UILabel+Extention.swift */ = {isa = PBXFileReference; lastKnownFileType = sourcecode.swift; path = "UILabel+Extention.swift"; sourceTree = "<group>"; };
		FF8EBF951FF1E5DE004341AB /* ColorNumber.app */ = {isa = PBXFileReference; explicitFileType = wrapper.application; includeInIndex = 0; path = ColorNumber.app; sourceTree = BUILT_PRODUCTS_DIR; };
		FF8EBF981FF1E5DE004341AB /* AppDelegate.swift */ = {isa = PBXFileReference; lastKnownFileType = sourcecode.swift; path = AppDelegate.swift; sourceTree = "<group>"; };
		FF8EBF9D1FF1E5DE004341AB /* Base */ = {isa = PBXFileReference; lastKnownFileType = file.storyboard; name = Base; path = Base.lproj/Main.storyboard; sourceTree = "<group>"; };
		FF8EBFA01FF1E5DE004341AB /* ColorNumber.xcdatamodel */ = {isa = PBXFileReference; lastKnownFileType = wrapper.xcdatamodel; path = ColorNumber.xcdatamodel; sourceTree = "<group>"; };
		FF8EBFA21FF1E5DE004341AB /* Assets.xcassets */ = {isa = PBXFileReference; lastKnownFileType = folder.assetcatalog; path = Assets.xcassets; sourceTree = "<group>"; };
		FF8EBFA51FF1E5DE004341AB /* Base */ = {isa = PBXFileReference; lastKnownFileType = file.storyboard; name = Base; path = Base.lproj/LaunchScreen.storyboard; sourceTree = "<group>"; };
		FF8EBFA71FF1E5DE004341AB /* Info.plist */ = {isa = PBXFileReference; lastKnownFileType = text.plist.xml; path = Info.plist; sourceTree = "<group>"; };
/* End PBXFileReference section */

/* Begin PBXFrameworksBuildPhase section */
		FF8EBF921FF1E5DE004341AB /* Frameworks */ = {
			isa = PBXFrameworksBuildPhase;
			buildActionMask = 2147483647;
			files = (
			);
			runOnlyForDeploymentPostprocessing = 0;
		};
/* End PBXFrameworksBuildPhase section */

/* Begin PBXGroup section */
		3B22F7B11FF3417300A30505 /* Views */ = {
			isa = PBXGroup;
			children = (
				3B22F7B51FF341C100A30505 /* Storyboard */,
			);
			path = Views;
			sourceTree = "<group>";
		};
		3B22F7B21FF3417E00A30505 /* Controllers */ = {
			isa = PBXGroup;
			children = (
				3B22F7B61FF3422E00A30505 /* LibraryViewController.swift */,
				3B22F7BC1FF3433F00A30505 /* ImportViewController.swift */,
				3B22F7BE1FF3435200A30505 /* MyGallaryViewController.swift */,
				3B22F7E61FF35EE300A30505 /* WatchVideoViewController.swift */,
			);
			path = Controllers;
			sourceTree = "<group>";
		};
		3B22F7B31FF3418600A30505 /* Models */ = {
			isa = PBXGroup;
			children = (
			);
			path = Models;
			sourceTree = "<group>";
		};
		3B22F7B41FF341AA00A30505 /* Utilities */ = {
			isa = PBXGroup;
			children = (
				104E8D321FFBB18100321B1C /* ImageProcessor.h */,
				104E8D331FFBB18100321B1C /* ImageProcessor.m */,
				104E8D3D1FFBB8B700321B1C /* UIImage+LogPixelsOfImage.h */,
				104E8D3E1FFBB8B700321B1C /* UIImage+LogPixelsOfImage.m */,
				3B22F7AF1FF340C400A30505 /* ScrollingTabBarUtils.swift */,
				3B6BC6841FF4D12900B6BCB1 /* UIButton+Extention.swift */,
				3B6BC6861FF4D13400B6BCB1 /* UILabel+Extention.swift */,
				3B22F7EA1FF3637500A30505 /* UIStoryboard+Extension.swift */,
				3B5D20BD1FF387C800B1744C /* UIView+Extention.swift */,
				3B5D20BF1FF38BC900B1744C /* UIImage+Extention.swift */,
				3B5D20C11FF38FF600B1744C /* CustomTabbarController.swift */,
				1096849A1FFBE59B00B0573F /* ImagePixelReader.swift */,
			);
			path = Utilities;
			sourceTree = "<group>";
		};
		3B22F7B51FF341C100A30505 /* Storyboard */ = {
			isa = PBXGroup;
			children = (
				FF8EBFA41FF1E5DE004341AB /* LaunchScreen.storyboard */,
				FF8EBF9C1FF1E5DE004341AB /* Main.storyboard */,
			);
			path = Storyboard;
			sourceTree = "<group>";
		};
		FF8EBF8C1FF1E5DE004341AB = {
			isa = PBXGroup;
			children = (
				FF8EBF971FF1E5DE004341AB /* ColorNumber */,
				FF8EBF961FF1E5DE004341AB /* Products */,
			);
			sourceTree = "<group>";
		};
		FF8EBF961FF1E5DE004341AB /* Products */ = {
			isa = PBXGroup;
			children = (
				FF8EBF951FF1E5DE004341AB /* ColorNumber.app */,
			);
			name = Products;
			sourceTree = "<group>";
		};
		FF8EBF971FF1E5DE004341AB /* ColorNumber */ = {
			isa = PBXGroup;
			children = (
				3B22F7B31FF3418600A30505 /* Models */,
				3B22F7B11FF3417300A30505 /* Views */,
				3B22F7B21FF3417E00A30505 /* Controllers */,
				3B22F7B41FF341AA00A30505 /* Utilities */,
				FF8EBF981FF1E5DE004341AB /* AppDelegate.swift */,
				FF8EBFA21FF1E5DE004341AB /* Assets.xcassets */,
				FF8EBFA71FF1E5DE004341AB /* Info.plist */,
				FF8EBF9F1FF1E5DE004341AB /* ColorNumber.xcdatamodeld */,
				104E8D361FFBB24F00321B1C /* ColorNumber-Bridging-Header.h */,
			);
			path = ColorNumber;
			sourceTree = "<group>";
		};
/* End PBXGroup section */

/* Begin PBXNativeTarget section */
		FF8EBF941FF1E5DE004341AB /* ColorNumber */ = {
			isa = PBXNativeTarget;
			buildConfigurationList = FF8EBFAA1FF1E5DE004341AB /* Build configuration list for PBXNativeTarget "ColorNumber" */;
			buildPhases = (
				FF8EBF911FF1E5DE004341AB /* Sources */,
				FF8EBF921FF1E5DE004341AB /* Frameworks */,
				FF8EBF931FF1E5DE004341AB /* Resources */,
			);
			buildRules = (
			);
			dependencies = (
			);
			name = ColorNumber;
			productName = ColorNumber;
			productReference = FF8EBF951FF1E5DE004341AB /* ColorNumber.app */;
			productType = "com.apple.product-type.application";
		};
/* End PBXNativeTarget section */

/* Begin PBXProject section */
		FF8EBF8D1FF1E5DE004341AB /* Project object */ = {
			isa = PBXProject;
			attributes = {
				LastSwiftUpdateCheck = 0910;
				LastUpgradeCheck = 0910;
				ORGANIZATIONNAME = BigZero;
				TargetAttributes = {
					FF8EBF941FF1E5DE004341AB = {
						CreatedOnToolsVersion = 9.1;
						LastSwiftMigration = 0900;
						ProvisioningStyle = Automatic;
					};
				};
			};
			buildConfigurationList = FF8EBF901FF1E5DE004341AB /* Build configuration list for PBXProject "ColorNumber" */;
			compatibilityVersion = "Xcode 8.0";
			developmentRegion = en;
			hasScannedForEncodings = 0;
			knownRegions = (
				en,
				Base,
			);
			mainGroup = FF8EBF8C1FF1E5DE004341AB;
			productRefGroup = FF8EBF961FF1E5DE004341AB /* Products */;
			projectDirPath = "";
			projectRoot = "";
			targets = (
				FF8EBF941FF1E5DE004341AB /* ColorNumber */,
			);
		};
/* End PBXProject section */

/* Begin PBXResourcesBuildPhase section */
		FF8EBF931FF1E5DE004341AB /* Resources */ = {
			isa = PBXResourcesBuildPhase;
			buildActionMask = 2147483647;
			files = (
				FF8EBFA61FF1E5DE004341AB /* LaunchScreen.storyboard in Resources */,
				FF8EBFA31FF1E5DE004341AB /* Assets.xcassets in Resources */,
				FF8EBF9E1FF1E5DE004341AB /* Main.storyboard in Resources */,
			);
			runOnlyForDeploymentPostprocessing = 0;
		};
/* End PBXResourcesBuildPhase section */

/* Begin PBXSourcesBuildPhase section */
		FF8EBF911FF1E5DE004341AB /* Sources */ = {
			isa = PBXSourcesBuildPhase;
			buildActionMask = 2147483647;
			files = (
				FF8EBFA11FF1E5DE004341AB /* ColorNumber.xcdatamodeld in Sources */,
				3B22F7E71FF35EE300A30505 /* WatchVideoViewController.swift in Sources */,
				3B5D20C21FF38FF600B1744C /* CustomTabbarController.swift in Sources */,
				3B22F7BF1FF3435200A30505 /* MyGallaryViewController.swift in Sources */,
				3B5D20C01FF38BC900B1744C /* UIImage+Extention.swift in Sources */,
				104E8D3F1FFBB8B700321B1C /* UIImage+LogPixelsOfImage.m in Sources */,
				3B22F7EB1FF3637500A30505 /* UIStoryboard+Extension.swift in Sources */,
				104E8D341FFBB18100321B1C /* ImageProcessor.m in Sources */,
				3B22F7B71FF3422E00A30505 /* LibraryViewController.swift in Sources */,
				1096849B1FFBE59B00B0573F /* ImagePixelReader.swift in Sources */,
				3B22F7BD1FF3433F00A30505 /* ImportViewController.swift in Sources */,
				3B6BC6871FF4D13400B6BCB1 /* UILabel+Extention.swift in Sources */,
				3B5D20BE1FF387C800B1744C /* UIView+Extention.swift in Sources */,
				3B6BC6851FF4D12900B6BCB1 /* UIButton+Extention.swift in Sources */,
				FF8EBF991FF1E5DE004341AB /* AppDelegate.swift in Sources */,
				3B22F7B01FF340C400A30505 /* ScrollingTabBarUtils.swift in Sources */,
			);
			runOnlyForDeploymentPostprocessing = 0;
		};
/* End PBXSourcesBuildPhase section */

/* Begin PBXVariantGroup section */
		FF8EBF9C1FF1E5DE004341AB /* Main.storyboard */ = {
			isa = PBXVariantGroup;
			children = (
				FF8EBF9D1FF1E5DE004341AB /* Base */,
			);
			name = Main.storyboard;
			sourceTree = "<group>";
		};
		FF8EBFA41FF1E5DE004341AB /* LaunchScreen.storyboard */ = {
			isa = PBXVariantGroup;
			children = (
				FF8EBFA51FF1E5DE004341AB /* Base */,
			);
			name = LaunchScreen.storyboard;
			sourceTree = "<group>";
		};
/* End PBXVariantGroup section */

/* Begin XCBuildConfiguration section */
		FF8EBFA81FF1E5DE004341AB /* Debug */ = {
			isa = XCBuildConfiguration;
			buildSettings = {
				ALWAYS_SEARCH_USER_PATHS = NO;
				CLANG_ANALYZER_NONNULL = YES;
				CLANG_ANALYZER_NUMBER_OBJECT_CONVERSION = YES_AGGRESSIVE;
				CLANG_CXX_LANGUAGE_STANDARD = "gnu++14";
				CLANG_CXX_LIBRARY = "libc++";
				CLANG_ENABLE_MODULES = YES;
				CLANG_ENABLE_OBJC_ARC = YES;
				CLANG_WARN_BLOCK_CAPTURE_AUTORELEASING = YES;
				CLANG_WARN_BOOL_CONVERSION = YES;
				CLANG_WARN_COMMA = YES;
				CLANG_WARN_CONSTANT_CONVERSION = YES;
				CLANG_WARN_DIRECT_OBJC_ISA_USAGE = YES_ERROR;
				CLANG_WARN_DOCUMENTATION_COMMENTS = YES;
				CLANG_WARN_EMPTY_BODY = YES;
				CLANG_WARN_ENUM_CONVERSION = YES;
				CLANG_WARN_INFINITE_RECURSION = YES;
				CLANG_WARN_INT_CONVERSION = YES;
				CLANG_WARN_NON_LITERAL_NULL_CONVERSION = YES;
				CLANG_WARN_OBJC_LITERAL_CONVERSION = YES;
				CLANG_WARN_OBJC_ROOT_CLASS = YES_ERROR;
				CLANG_WARN_RANGE_LOOP_ANALYSIS = YES;
				CLANG_WARN_STRICT_PROTOTYPES = YES;
				CLANG_WARN_SUSPICIOUS_MOVE = YES;
				CLANG_WARN_UNGUARDED_AVAILABILITY = YES_AGGRESSIVE;
				CLANG_WARN_UNREACHABLE_CODE = YES;
				CLANG_WARN__DUPLICATE_METHOD_MATCH = YES;
				CODE_SIGN_IDENTITY = "iPhone Developer";
				COPY_PHASE_STRIP = NO;
				DEBUG_INFORMATION_FORMAT = dwarf;
				ENABLE_STRICT_OBJC_MSGSEND = YES;
				ENABLE_TESTABILITY = YES;
				GCC_C_LANGUAGE_STANDARD = gnu11;
				GCC_DYNAMIC_NO_PIC = NO;
				GCC_NO_COMMON_BLOCKS = YES;
				GCC_OPTIMIZATION_LEVEL = 0;
				GCC_PREPROCESSOR_DEFINITIONS = (
					"DEBUG=1",
					"$(inherited)",
				);
				GCC_WARN_64_TO_32_BIT_CONVERSION = YES;
				GCC_WARN_ABOUT_RETURN_TYPE = YES_ERROR;
				GCC_WARN_UNDECLARED_SELECTOR = YES;
				GCC_WARN_UNINITIALIZED_AUTOS = YES_AGGRESSIVE;
				GCC_WARN_UNUSED_FUNCTION = YES;
				GCC_WARN_UNUSED_VARIABLE = YES;
				IPHONEOS_DEPLOYMENT_TARGET = 11.1;
				MTL_ENABLE_DEBUG_INFO = YES;
				ONLY_ACTIVE_ARCH = YES;
				SDKROOT = iphoneos;
				SWIFT_ACTIVE_COMPILATION_CONDITIONS = DEBUG;
				SWIFT_OPTIMIZATION_LEVEL = "-Onone";
			};
			name = Debug;
		};
		FF8EBFA91FF1E5DE004341AB /* Release */ = {
			isa = XCBuildConfiguration;
			buildSettings = {
				ALWAYS_SEARCH_USER_PATHS = NO;
				CLANG_ANALYZER_NONNULL = YES;
				CLANG_ANALYZER_NUMBER_OBJECT_CONVERSION = YES_AGGRESSIVE;
				CLANG_CXX_LANGUAGE_STANDARD = "gnu++14";
				CLANG_CXX_LIBRARY = "libc++";
				CLANG_ENABLE_MODULES = YES;
				CLANG_ENABLE_OBJC_ARC = YES;
				CLANG_WARN_BLOCK_CAPTURE_AUTORELEASING = YES;
				CLANG_WARN_BOOL_CONVERSION = YES;
				CLANG_WARN_COMMA = YES;
				CLANG_WARN_CONSTANT_CONVERSION = YES;
				CLANG_WARN_DIRECT_OBJC_ISA_USAGE = YES_ERROR;
				CLANG_WARN_DOCUMENTATION_COMMENTS = YES;
				CLANG_WARN_EMPTY_BODY = YES;
				CLANG_WARN_ENUM_CONVERSION = YES;
				CLANG_WARN_INFINITE_RECURSION = YES;
				CLANG_WARN_INT_CONVERSION = YES;
				CLANG_WARN_NON_LITERAL_NULL_CONVERSION = YES;
				CLANG_WARN_OBJC_LITERAL_CONVERSION = YES;
				CLANG_WARN_OBJC_ROOT_CLASS = YES_ERROR;
				CLANG_WARN_RANGE_LOOP_ANALYSIS = YES;
				CLANG_WARN_STRICT_PROTOTYPES = YES;
				CLANG_WARN_SUSPICIOUS_MOVE = YES;
				CLANG_WARN_UNGUARDED_AVAILABILITY = YES_AGGRESSIVE;
				CLANG_WARN_UNREACHABLE_CODE = YES;
				CLANG_WARN__DUPLICATE_METHOD_MATCH = YES;
				CODE_SIGN_IDENTITY = "iPhone Developer";
				COPY_PHASE_STRIP = NO;
				DEBUG_INFORMATION_FORMAT = "dwarf-with-dsym";
				ENABLE_NS_ASSERTIONS = NO;
				ENABLE_STRICT_OBJC_MSGSEND = YES;
				GCC_C_LANGUAGE_STANDARD = gnu11;
				GCC_NO_COMMON_BLOCKS = YES;
				GCC_WARN_64_TO_32_BIT_CONVERSION = YES;
				GCC_WARN_ABOUT_RETURN_TYPE = YES_ERROR;
				GCC_WARN_UNDECLARED_SELECTOR = YES;
				GCC_WARN_UNINITIALIZED_AUTOS = YES_AGGRESSIVE;
				GCC_WARN_UNUSED_FUNCTION = YES;
				GCC_WARN_UNUSED_VARIABLE = YES;
				IPHONEOS_DEPLOYMENT_TARGET = 11.1;
				MTL_ENABLE_DEBUG_INFO = NO;
				SDKROOT = iphoneos;
				SWIFT_OPTIMIZATION_LEVEL = "-Owholemodule";
				VALIDATE_PRODUCT = YES;
			};
			name = Release;
		};
		FF8EBFAB1FF1E5DE004341AB /* Debug */ = {
			isa = XCBuildConfiguration;
			buildSettings = {
				ASSETCATALOG_COMPILER_APPICON_NAME = AppIcon;
				CLANG_ENABLE_MODULES = YES;
				CODE_SIGN_STYLE = Automatic;
				DEVELOPMENT_TEAM = 56AJJ634ZU;
				INFOPLIST_FILE = ColorNumber/Info.plist;
				IPHONEOS_DEPLOYMENT_TARGET = 11.0;
				LD_RUNPATH_SEARCH_PATHS = "$(inherited) @executable_path/Frameworks";
				PRODUCT_BUNDLE_IDENTIFIER = com.BigZero.ColorNumber;
				PRODUCT_NAME = "$(TARGET_NAME)";
				SWIFT_OBJC_BRIDGING_HEADER = "ColorNumber/ColorNumber-Bridging-Header.h";
				SWIFT_OPTIMIZATION_LEVEL = "-Onone";
				SWIFT_VERSION = 4.0;
				TARGETED_DEVICE_FAMILY = "1,2";
			};
			name = Debug;
		};
		FF8EBFAC1FF1E5DE004341AB /* Release */ = {
			isa = XCBuildConfiguration;
			buildSettings = {
				ASSETCATALOG_COMPILER_APPICON_NAME = AppIcon;
				CLANG_ENABLE_MODULES = YES;
				CODE_SIGN_STYLE = Automatic;
				DEVELOPMENT_TEAM = 56AJJ634ZU;
				INFOPLIST_FILE = ColorNumber/Info.plist;
				IPHONEOS_DEPLOYMENT_TARGET = 11.0;
				LD_RUNPATH_SEARCH_PATHS = "$(inherited) @executable_path/Frameworks";
				PRODUCT_BUNDLE_IDENTIFIER = com.BigZero.ColorNumber;
				PRODUCT_NAME = "$(TARGET_NAME)";
				SWIFT_OBJC_BRIDGING_HEADER = "ColorNumber/ColorNumber-Bridging-Header.h";
				SWIFT_VERSION = 4.0;
				TARGETED_DEVICE_FAMILY = "1,2";
			};
			name = Release;
		};
/* End XCBuildConfiguration section */

/* Begin XCConfigurationList section */
		FF8EBF901FF1E5DE004341AB /* Build configuration list for PBXProject "ColorNumber" */ = {
			isa = XCConfigurationList;
			buildConfigurations = (
				FF8EBFA81FF1E5DE004341AB /* Debug */,
				FF8EBFA91FF1E5DE004341AB /* Release */,
			);
			defaultConfigurationIsVisible = 0;
			defaultConfigurationName = Release;
		};
		FF8EBFAA1FF1E5DE004341AB /* Build configuration list for PBXNativeTarget "ColorNumber" */ = {
			isa = XCConfigurationList;
			buildConfigurations = (
				FF8EBFAB1FF1E5DE004341AB /* Debug */,
				FF8EBFAC1FF1E5DE004341AB /* Release */,
			);
			defaultConfigurationIsVisible = 0;
			defaultConfigurationName = Release;
		};
/* End XCConfigurationList section */

/* Begin XCVersionGroup section */
		FF8EBF9F1FF1E5DE004341AB /* ColorNumber.xcdatamodeld */ = {
			isa = XCVersionGroup;
			children = (
				FF8EBFA01FF1E5DE004341AB /* ColorNumber.xcdatamodel */,
			);
			currentVersion = FF8EBFA01FF1E5DE004341AB /* ColorNumber.xcdatamodel */;
			path = ColorNumber.xcdatamodeld;
			sourceTree = "<group>";
			versionGroupType = wrapper.xcdatamodel;
		};
/* End XCVersionGroup section */
	};
	rootObject = FF8EBF8D1FF1E5DE004341AB /* Project object */;
}
