// !$*UTF8*$!
{
	archiveVersion = 1;
	classes = {
	};
	objectVersion = 48;
	objects = {

/* Begin PBXBuildFile section */
		BE31FC1F1FF20F1200CEACB1 /* SupportingFiles.swift in Sources */ = {isa = PBXBuildFile; fileRef = BE31FC1E1FF20F1200CEACB1 /* SupportingFiles.swift */; };
		BE31FC211FF20F3200CEACB1 /* PaintViewController.swift in Sources */ = {isa = PBXBuildFile; fileRef = BE31FC201FF20F3200CEACB1 /* PaintViewController.swift */; };
		BE31FC251FF2173300CEACB1 /* BaseCollectionViewController.swift in Sources */ = {isa = PBXBuildFile; fileRef = BE31FC241FF2173300CEACB1 /* BaseCollectionViewController.swift */; };
		BE31FC281FF2174E00CEACB1 /* GallaryCollectionViewController.swift in Sources */ = {isa = PBXBuildFile; fileRef = BE31FC261FF2174E00CEACB1 /* GallaryCollectionViewController.swift */; };
		BE31FC291FF2174E00CEACB1 /* GallaryCollectionViewController.xib in Resources */ = {isa = PBXBuildFile; fileRef = BE31FC271FF2174E00CEACB1 /* GallaryCollectionViewController.xib */; };
		BE31FC2C1FF2176900CEACB1 /* ImportViewController.swift in Sources */ = {isa = PBXBuildFile; fileRef = BE31FC2A1FF2176900CEACB1 /* ImportViewController.swift */; };
		BE31FC2D1FF2176900CEACB1 /* ImportViewController.xib in Resources */ = {isa = PBXBuildFile; fileRef = BE31FC2B1FF2176900CEACB1 /* ImportViewController.xib */; };
		BE31FC301FF2177C00CEACB1 /* LibraryCollectionViewController.swift in Sources */ = {isa = PBXBuildFile; fileRef = BE31FC2E1FF2177C00CEACB1 /* LibraryCollectionViewController.swift */; };
		BE31FC311FF2177C00CEACB1 /* LibraryCollectionViewController.xib in Resources */ = {isa = PBXBuildFile; fileRef = BE31FC2F1FF2177C00CEACB1 /* LibraryCollectionViewController.xib */; };
		BE31FC331FF2179200CEACB1 /* DataProtocol.swift in Sources */ = {isa = PBXBuildFile; fileRef = BE31FC321FF2179200CEACB1 /* DataProtocol.swift */; };
		BE31FC3A1FF2186D00CEACB1 /* GallaryiPadCollectionViewController.swift in Sources */ = {isa = PBXBuildFile; fileRef = BE31FC381FF2186D00CEACB1 /* GallaryiPadCollectionViewController.swift */; };
		BE31FC3B1FF2186D00CEACB1 /* GallaryiPadCollectionViewController.xib in Resources */ = {isa = PBXBuildFile; fileRef = BE31FC391FF2186D00CEACB1 /* GallaryiPadCollectionViewController.xib */; };
		BE31FC3F1FF2189D00CEACB1 /* LibraryiPadCollectionViewController.swift in Sources */ = {isa = PBXBuildFile; fileRef = BE31FC3D1FF2189D00CEACB1 /* LibraryiPadCollectionViewController.swift */; };
		BE31FC401FF2189D00CEACB1 /* LibraryiPadCollectionViewController.xib in Resources */ = {isa = PBXBuildFile; fileRef = BE31FC3E1FF2189D00CEACB1 /* LibraryiPadCollectionViewController.xib */; };
		BE31FC451FF218CE00CEACB1 /* ImportiPadViewController.swift in Sources */ = {isa = PBXBuildFile; fileRef = BE31FC431FF218CE00CEACB1 /* ImportiPadViewController.swift */; };
		BE31FC461FF218CE00CEACB1 /* ImportiPadViewController.xib in Resources */ = {isa = PBXBuildFile; fileRef = BE31FC441FF218CE00CEACB1 /* ImportiPadViewController.xib */; };
		BE31FC471FF21A5900CEACB1 /* Info.plist in Resources */ = {isa = PBXBuildFile; fileRef = FF8EBFA71FF1E5DE004341AB /* Info.plist */; };
		FF8EBF991FF1E5DE004341AB /* AppDelegate.swift in Sources */ = {isa = PBXBuildFile; fileRef = FF8EBF981FF1E5DE004341AB /* AppDelegate.swift */; };
		FF8EBF9E1FF1E5DE004341AB /* Main.storyboard in Resources */ = {isa = PBXBuildFile; fileRef = FF8EBF9C1FF1E5DE004341AB /* Main.storyboard */; };
		FF8EBFA11FF1E5DE004341AB /* ColorNumber.xcdatamodeld in Sources */ = {isa = PBXBuildFile; fileRef = FF8EBF9F1FF1E5DE004341AB /* ColorNumber.xcdatamodeld */; };
		FF8EBFA31FF1E5DE004341AB /* Assets.xcassets in Resources */ = {isa = PBXBuildFile; fileRef = FF8EBFA21FF1E5DE004341AB /* Assets.xcassets */; };
		FF8EBFA61FF1E5DE004341AB /* LaunchScreen.storyboard in Resources */ = {isa = PBXBuildFile; fileRef = FF8EBFA41FF1E5DE004341AB /* LaunchScreen.storyboard */; };
/* End PBXBuildFile section */

/* Begin PBXFileReference section */
		BE31FC1E1FF20F1200CEACB1 /* SupportingFiles.swift */ = {isa = PBXFileReference; lastKnownFileType = sourcecode.swift; path = SupportingFiles.swift; sourceTree = "<group>"; };
		BE31FC201FF20F3200CEACB1 /* PaintViewController.swift */ = {isa = PBXFileReference; lastKnownFileType = sourcecode.swift; path = PaintViewController.swift; sourceTree = "<group>"; };
		BE31FC241FF2173300CEACB1 /* BaseCollectionViewController.swift */ = {isa = PBXFileReference; lastKnownFileType = sourcecode.swift; path = BaseCollectionViewController.swift; sourceTree = "<group>"; };
		BE31FC261FF2174E00CEACB1 /* GallaryCollectionViewController.swift */ = {isa = PBXFileReference; lastKnownFileType = sourcecode.swift; path = GallaryCollectionViewController.swift; sourceTree = "<group>"; };
		BE31FC271FF2174E00CEACB1 /* GallaryCollectionViewController.xib */ = {isa = PBXFileReference; lastKnownFileType = file.xib; path = GallaryCollectionViewController.xib; sourceTree = "<group>"; };
		BE31FC2A1FF2176900CEACB1 /* ImportViewController.swift */ = {isa = PBXFileReference; lastKnownFileType = sourcecode.swift; path = ImportViewController.swift; sourceTree = "<group>"; };
		BE31FC2B1FF2176900CEACB1 /* ImportViewController.xib */ = {isa = PBXFileReference; lastKnownFileType = file.xib; path = ImportViewController.xib; sourceTree = "<group>"; };
		BE31FC2E1FF2177C00CEACB1 /* LibraryCollectionViewController.swift */ = {isa = PBXFileReference; lastKnownFileType = sourcecode.swift; path = LibraryCollectionViewController.swift; sourceTree = "<group>"; };
		BE31FC2F1FF2177C00CEACB1 /* LibraryCollectionViewController.xib */ = {isa = PBXFileReference; lastKnownFileType = file.xib; path = LibraryCollectionViewController.xib; sourceTree = "<group>"; };
		BE31FC321FF2179200CEACB1 /* DataProtocol.swift */ = {isa = PBXFileReference; lastKnownFileType = sourcecode.swift; path = DataProtocol.swift; sourceTree = "<group>"; };
		BE31FC381FF2186D00CEACB1 /* GallaryiPadCollectionViewController.swift */ = {isa = PBXFileReference; lastKnownFileType = sourcecode.swift; path = GallaryiPadCollectionViewController.swift; sourceTree = "<group>"; };
		BE31FC391FF2186D00CEACB1 /* GallaryiPadCollectionViewController.xib */ = {isa = PBXFileReference; lastKnownFileType = file.xib; path = GallaryiPadCollectionViewController.xib; sourceTree = "<group>"; };
		BE31FC3D1FF2189D00CEACB1 /* LibraryiPadCollectionViewController.swift */ = {isa = PBXFileReference; lastKnownFileType = sourcecode.swift; path = LibraryiPadCollectionViewController.swift; sourceTree = "<group>"; };
		BE31FC3E1FF2189D00CEACB1 /* LibraryiPadCollectionViewController.xib */ = {isa = PBXFileReference; lastKnownFileType = file.xib; path = LibraryiPadCollectionViewController.xib; sourceTree = "<group>"; };
		BE31FC431FF218CE00CEACB1 /* ImportiPadViewController.swift */ = {isa = PBXFileReference; lastKnownFileType = sourcecode.swift; path = ImportiPadViewController.swift; sourceTree = "<group>"; };
		BE31FC441FF218CE00CEACB1 /* ImportiPadViewController.xib */ = {isa = PBXFileReference; lastKnownFileType = file.xib; path = ImportiPadViewController.xib; sourceTree = "<group>"; };
		FF8EBF951FF1E5DE004341AB /* ColorNumber.app */ = {isa = PBXFileReference; explicitFileType = wrapper.application; includeInIndex = 0; path = ColorNumber.app; sourceTree = BUILT_PRODUCTS_DIR; };
		FF8EBF981FF1E5DE004341AB /* AppDelegate.swift */ = {isa = PBXFileReference; lastKnownFileType = sourcecode.swift; path = AppDelegate.swift; sourceTree = "<group>"; };
		FF8EBF9D1FF1E5DE004341AB /* Base */ = {isa = PBXFileReference; lastKnownFileType = file.storyboard; name = Base; path = Base.lproj/Main.storyboard; sourceTree = "<group>"; };
		FF8EBFA01FF1E5DE004341AB /* ColorNumber.xcdatamodel */ = {isa = PBXFileReference; lastKnownFileType = wrapper.xcdatamodel; path = ColorNumber.xcdatamodel; sourceTree = "<group>"; };
		FF8EBFA21FF1E5DE004341AB /* Assets.xcassets */ = {isa = PBXFileReference; lastKnownFileType = folder.assetcatalog; path = Assets.xcassets; sourceTree = "<group>"; };
		FF8EBFA51FF1E5DE004341AB /* Base */ = {isa = PBXFileReference; lastKnownFileType = file.storyboard; name = Base; path = Base.lproj/LaunchScreen.storyboard; sourceTree = "<group>"; };
		FF8EBFA71FF1E5DE004341AB /* Info.plist */ = {isa = PBXFileReference; lastKnownFileType = text.plist.xml; path = Info.plist; sourceTree = "<group>"; };
/* End PBXFileReference section */

/* Begin PBXFrameworksBuildPhase section */
		FF8EBF921FF1E5DE004341AB /* Frameworks */ = {
			isa = PBXFrameworksBuildPhase;
			buildActionMask = 2147483647;
			files = (
			);
			runOnlyForDeploymentPostprocessing = 0;
		};
/* End PBXFrameworksBuildPhase section */

/* Begin PBXGroup section */
		BE31FC1B1FF20E9A00CEACB1 /* Library */ = {
			isa = PBXGroup;
			children = (
				BE31FC2E1FF2177C00CEACB1 /* LibraryCollectionViewController.swift */,
				BE31FC2F1FF2177C00CEACB1 /* LibraryCollectionViewController.xib */,
			);
			path = Library;
			sourceTree = "<group>";
		};
		BE31FC1C1FF20EB000CEACB1 /* Import */ = {
			isa = PBXGroup;
			children = (
				BE31FC2A1FF2176900CEACB1 /* ImportViewController.swift */,
				BE31FC2B1FF2176900CEACB1 /* ImportViewController.xib */,
			);
			path = Import;
			sourceTree = "<group>";
		};
		BE31FC1D1FF20EC200CEACB1 /* Gallary */ = {
			isa = PBXGroup;
			children = (
				BE31FC261FF2174E00CEACB1 /* GallaryCollectionViewController.swift */,
				BE31FC271FF2174E00CEACB1 /* GallaryCollectionViewController.xib */,
			);
			path = Gallary;
			sourceTree = "<group>";
		};
		BE31FC341FF217B700CEACB1 /* iPhone */ = {
			isa = PBXGroup;
			children = (
				BE31FC1D1FF20EC200CEACB1 /* Gallary */,
				BE31FC1C1FF20EB000CEACB1 /* Import */,
				BE31FC1B1FF20E9A00CEACB1 /* Library */,
			);
			path = iPhone;
			sourceTree = "<group>";
		};
		BE31FC351FF217DD00CEACB1 /* iPad */ = {
			isa = PBXGroup;
			children = (
				BE31FC421FF218AE00CEACB1 /* Import */,
				BE31FC3C1FF2187100CEACB1 /* Gallary */,
				BE31FC411FF218A100CEACB1 /* Library */,
			);
			path = iPad;
			sourceTree = "<group>";
		};
		BE31FC361FF217FE00CEACB1 /* SupportingFiles */ = {
			isa = PBXGroup;
			children = (
				BE31FC1E1FF20F1200CEACB1 /* SupportingFiles.swift */,
				FF8EBFA71FF1E5DE004341AB /* Info.plist */,
				FF8EBFA21FF1E5DE004341AB /* Assets.xcassets */,
				BE31FC371FF2181400CEACB1 /* Database */,
			);
			path = SupportingFiles;
			sourceTree = "<group>";
		};
		BE31FC371FF2181400CEACB1 /* Database */ = {
			isa = PBXGroup;
			children = (
				FF8EBF9F1FF1E5DE004341AB /* ColorNumber.xcdatamodeld */,
			);
			path = Database;
			sourceTree = "<group>";
		};
		BE31FC3C1FF2187100CEACB1 /* Gallary */ = {
			isa = PBXGroup;
			children = (
				BE31FC381FF2186D00CEACB1 /* GallaryiPadCollectionViewController.swift */,
				BE31FC391FF2186D00CEACB1 /* GallaryiPadCollectionViewController.xib */,
			);
			path = Gallary;
			sourceTree = "<group>";
		};
		BE31FC411FF218A100CEACB1 /* Library */ = {
			isa = PBXGroup;
			children = (
				BE31FC3D1FF2189D00CEACB1 /* LibraryiPadCollectionViewController.swift */,
				BE31FC3E1FF2189D00CEACB1 /* LibraryiPadCollectionViewController.xib */,
			);
			path = Library;
			sourceTree = "<group>";
		};
		BE31FC421FF218AE00CEACB1 /* Import */ = {
			isa = PBXGroup;
			children = (
				BE31FC431FF218CE00CEACB1 /* ImportiPadViewController.swift */,
				BE31FC441FF218CE00CEACB1 /* ImportiPadViewController.xib */,
			);
			path = Import;
			sourceTree = "<group>";
		};
		FF8EBF8C1FF1E5DE004341AB = {
			isa = PBXGroup;
			children = (
				FF8EBF971FF1E5DE004341AB /* ColorNumber */,
				FF8EBF961FF1E5DE004341AB /* Products */,
			);
			sourceTree = "<group>";
		};
		FF8EBF961FF1E5DE004341AB /* Products */ = {
			isa = PBXGroup;
			children = (
				FF8EBF951FF1E5DE004341AB /* ColorNumber.app */,
			);
			name = Products;
			sourceTree = "<group>";
		};
		FF8EBF971FF1E5DE004341AB /* ColorNumber */ = {
			isa = PBXGroup;
			children = (
				FF8EBF981FF1E5DE004341AB /* AppDelegate.swift */,
				BE31FC241FF2173300CEACB1 /* BaseCollectionViewController.swift */,
				BE31FC321FF2179200CEACB1 /* DataProtocol.swift */,
				BE31FC201FF20F3200CEACB1 /* PaintViewController.swift */,
				BE31FC341FF217B700CEACB1 /* iPhone */,
				BE31FC351FF217DD00CEACB1 /* iPad */,
				FF8EBF9C1FF1E5DE004341AB /* Main.storyboard */,
				FF8EBFA41FF1E5DE004341AB /* LaunchScreen.storyboard */,
				BE31FC361FF217FE00CEACB1 /* SupportingFiles */,
			);
			path = ColorNumber;
			sourceTree = "<group>";
		};
/* End PBXGroup section */

/* Begin PBXNativeTarget section */
		FF8EBF941FF1E5DE004341AB /* ColorNumber */ = {
			isa = PBXNativeTarget;
			buildConfigurationList = FF8EBFAA1FF1E5DE004341AB /* Build configuration list for PBXNativeTarget "ColorNumber" */;
			buildPhases = (
				FF8EBF911FF1E5DE004341AB /* Sources */,
				FF8EBF921FF1E5DE004341AB /* Frameworks */,
				FF8EBF931FF1E5DE004341AB /* Resources */,
			);
			buildRules = (
			);
			dependencies = (
			);
			name = ColorNumber;
			productName = ColorNumber;
			productReference = FF8EBF951FF1E5DE004341AB /* ColorNumber.app */;
			productType = "com.apple.product-type.application";
		};
/* End PBXNativeTarget section */

/* Begin PBXProject section */
		FF8EBF8D1FF1E5DE004341AB /* Project object */ = {
			isa = PBXProject;
			attributes = {
				LastSwiftUpdateCheck = 0910;
				LastUpgradeCheck = 0910;
				ORGANIZATIONNAME = BigZero;
				TargetAttributes = {
					FF8EBF941FF1E5DE004341AB = {
						CreatedOnToolsVersion = 9.1;
						ProvisioningStyle = Automatic;
					};
				};
			};
			buildConfigurationList = FF8EBF901FF1E5DE004341AB /* Build configuration list for PBXProject "ColorNumber" */;
			compatibilityVersion = "Xcode 8.0";
			developmentRegion = en;
			hasScannedForEncodings = 0;
			knownRegions = (
				en,
				Base,
			);
			mainGroup = FF8EBF8C1FF1E5DE004341AB;
			productRefGroup = FF8EBF961FF1E5DE004341AB /* Products */;
			projectDirPath = "";
			projectRoot = "";
			targets = (
				FF8EBF941FF1E5DE004341AB /* ColorNumber */,
			);
		};
/* End PBXProject section */

/* Begin PBXResourcesBuildPhase section */
		FF8EBF931FF1E5DE004341AB /* Resources */ = {
			isa = PBXResourcesBuildPhase;
			buildActionMask = 2147483647;
			files = (
				BE31FC3B1FF2186D00CEACB1 /* GallaryiPadCollectionViewController.xib in Resources */,
				BE31FC2D1FF2176900CEACB1 /* ImportViewController.xib in Resources */,
				FF8EBFA61FF1E5DE004341AB /* LaunchScreen.storyboard in Resources */,
				BE31FC311FF2177C00CEACB1 /* LibraryCollectionViewController.xib in Resources */,
				FF8EBFA31FF1E5DE004341AB /* Assets.xcassets in Resources */,
				BE31FC461FF218CE00CEACB1 /* ImportiPadViewController.xib in Resources */,
				FF8EBF9E1FF1E5DE004341AB /* Main.storyboard in Resources */,
				BE31FC401FF2189D00CEACB1 /* LibraryiPadCollectionViewController.xib in Resources */,
				BE31FC471FF21A5900CEACB1 /* Info.plist in Resources */,
				BE31FC291FF2174E00CEACB1 /* GallaryCollectionViewController.xib in Resources */,
			);
			runOnlyForDeploymentPostprocessing = 0;
		};
/* End PBXResourcesBuildPhase section */

/* Begin PBXSourcesBuildPhase section */
		FF8EBF911FF1E5DE004341AB /* Sources */ = {
			isa = PBXSourcesBuildPhase;
			buildActionMask = 2147483647;
			files = (
				FF8EBFA11FF1E5DE004341AB /* ColorNumber.xcdatamodeld in Sources */,
				BE31FC451FF218CE00CEACB1 /* ImportiPadViewController.swift in Sources */,
				BE31FC331FF2179200CEACB1 /* DataProtocol.swift in Sources */,
				BE31FC301FF2177C00CEACB1 /* LibraryCollectionViewController.swift in Sources */,
				BE31FC3F1FF2189D00CEACB1 /* LibraryiPadCollectionViewController.swift in Sources */,
				BE31FC281FF2174E00CEACB1 /* GallaryCollectionViewController.swift in Sources */,
				BE31FC1F1FF20F1200CEACB1 /* SupportingFiles.swift in Sources */,
				FF8EBF991FF1E5DE004341AB /* AppDelegate.swift in Sources */,
				BE31FC251FF2173300CEACB1 /* BaseCollectionViewController.swift in Sources */,
				BE31FC211FF20F3200CEACB1 /* PaintViewController.swift in Sources */,
				BE31FC2C1FF2176900CEACB1 /* ImportViewController.swift in Sources */,
				BE31FC3A1FF2186D00CEACB1 /* GallaryiPadCollectionViewController.swift in Sources */,
			);
			runOnlyForDeploymentPostprocessing = 0;
		};
/* End PBXSourcesBuildPhase section */

/* Begin PBXVariantGroup section */
		FF8EBF9C1FF1E5DE004341AB /* Main.storyboard */ = {
			isa = PBXVariantGroup;
			children = (
				FF8EBF9D1FF1E5DE004341AB /* Base */,
			);
			name = Main.storyboard;
			sourceTree = "<group>";
		};
		FF8EBFA41FF1E5DE004341AB /* LaunchScreen.storyboard */ = {
			isa = PBXVariantGroup;
			children = (
				FF8EBFA51FF1E5DE004341AB /* Base */,
			);
			name = LaunchScreen.storyboard;
			sourceTree = "<group>";
		};
/* End PBXVariantGroup section */

/* Begin XCBuildConfiguration section */
		FF8EBFA81FF1E5DE004341AB /* Debug */ = {
			isa = XCBuildConfiguration;
			buildSettings = {
				ALWAYS_SEARCH_USER_PATHS = NO;
				CLANG_ANALYZER_NONNULL = YES;
				CLANG_ANALYZER_NUMBER_OBJECT_CONVERSION = YES_AGGRESSIVE;
				CLANG_CXX_LANGUAGE_STANDARD = "gnu++14";
				CLANG_CXX_LIBRARY = "libc++";
				CLANG_ENABLE_MODULES = YES;
				CLANG_ENABLE_OBJC_ARC = YES;
				CLANG_WARN_BLOCK_CAPTURE_AUTORELEASING = YES;
				CLANG_WARN_BOOL_CONVERSION = YES;
				CLANG_WARN_COMMA = YES;
				CLANG_WARN_CONSTANT_CONVERSION = YES;
				CLANG_WARN_DIRECT_OBJC_ISA_USAGE = YES_ERROR;
				CLANG_WARN_DOCUMENTATION_COMMENTS = YES;
				CLANG_WARN_EMPTY_BODY = YES;
				CLANG_WARN_ENUM_CONVERSION = YES;
				CLANG_WARN_INFINITE_RECURSION = YES;
				CLANG_WARN_INT_CONVERSION = YES;
				CLANG_WARN_NON_LITERAL_NULL_CONVERSION = YES;
				CLANG_WARN_OBJC_LITERAL_CONVERSION = YES;
				CLANG_WARN_OBJC_ROOT_CLASS = YES_ERROR;
				CLANG_WARN_RANGE_LOOP_ANALYSIS = YES;
				CLANG_WARN_STRICT_PROTOTYPES = YES;
				CLANG_WARN_SUSPICIOUS_MOVE = YES;
				CLANG_WARN_UNGUARDED_AVAILABILITY = YES_AGGRESSIVE;
				CLANG_WARN_UNREACHABLE_CODE = YES;
				CLANG_WARN__DUPLICATE_METHOD_MATCH = YES;
				CODE_SIGN_IDENTITY = "iPhone Developer";
				COPY_PHASE_STRIP = NO;
				DEBUG_INFORMATION_FORMAT = dwarf;
				ENABLE_STRICT_OBJC_MSGSEND = YES;
				ENABLE_TESTABILITY = YES;
				GCC_C_LANGUAGE_STANDARD = gnu11;
				GCC_DYNAMIC_NO_PIC = NO;
				GCC_NO_COMMON_BLOCKS = YES;
				GCC_OPTIMIZATION_LEVEL = 0;
				GCC_PREPROCESSOR_DEFINITIONS = (
					"DEBUG=1",
					"$(inherited)",
				);
				GCC_WARN_64_TO_32_BIT_CONVERSION = YES;
				GCC_WARN_ABOUT_RETURN_TYPE = YES_ERROR;
				GCC_WARN_UNDECLARED_SELECTOR = YES;
				GCC_WARN_UNINITIALIZED_AUTOS = YES_AGGRESSIVE;
				GCC_WARN_UNUSED_FUNCTION = YES;
				GCC_WARN_UNUSED_VARIABLE = YES;
				IPHONEOS_DEPLOYMENT_TARGET = 11.1;
				MTL_ENABLE_DEBUG_INFO = YES;
				ONLY_ACTIVE_ARCH = YES;
				SDKROOT = iphoneos;
				SWIFT_ACTIVE_COMPILATION_CONDITIONS = DEBUG;
				SWIFT_OPTIMIZATION_LEVEL = "-Onone";
			};
			name = Debug;
		};
		FF8EBFA91FF1E5DE004341AB /* Release */ = {
			isa = XCBuildConfiguration;
			buildSettings = {
				ALWAYS_SEARCH_USER_PATHS = NO;
				CLANG_ANALYZER_NONNULL = YES;
				CLANG_ANALYZER_NUMBER_OBJECT_CONVERSION = YES_AGGRESSIVE;
				CLANG_CXX_LANGUAGE_STANDARD = "gnu++14";
				CLANG_CXX_LIBRARY = "libc++";
				CLANG_ENABLE_MODULES = YES;
				CLANG_ENABLE_OBJC_ARC = YES;
				CLANG_WARN_BLOCK_CAPTURE_AUTORELEASING = YES;
				CLANG_WARN_BOOL_CONVERSION = YES;
				CLANG_WARN_COMMA = YES;
				CLANG_WARN_CONSTANT_CONVERSION = YES;
				CLANG_WARN_DIRECT_OBJC_ISA_USAGE = YES_ERROR;
				CLANG_WARN_DOCUMENTATION_COMMENTS = YES;
				CLANG_WARN_EMPTY_BODY = YES;
				CLANG_WARN_ENUM_CONVERSION = YES;
				CLANG_WARN_INFINITE_RECURSION = YES;
				CLANG_WARN_INT_CONVERSION = YES;
				CLANG_WARN_NON_LITERAL_NULL_CONVERSION = YES;
				CLANG_WARN_OBJC_LITERAL_CONVERSION = YES;
				CLANG_WARN_OBJC_ROOT_CLASS = YES_ERROR;
				CLANG_WARN_RANGE_LOOP_ANALYSIS = YES;
				CLANG_WARN_STRICT_PROTOTYPES = YES;
				CLANG_WARN_SUSPICIOUS_MOVE = YES;
				CLANG_WARN_UNGUARDED_AVAILABILITY = YES_AGGRESSIVE;
				CLANG_WARN_UNREACHABLE_CODE = YES;
				CLANG_WARN__DUPLICATE_METHOD_MATCH = YES;
				CODE_SIGN_IDENTITY = "iPhone Developer";
				COPY_PHASE_STRIP = NO;
				DEBUG_INFORMATION_FORMAT = "dwarf-with-dsym";
				ENABLE_NS_ASSERTIONS = NO;
				ENABLE_STRICT_OBJC_MSGSEND = YES;
				GCC_C_LANGUAGE_STANDARD = gnu11;
				GCC_NO_COMMON_BLOCKS = YES;
				GCC_WARN_64_TO_32_BIT_CONVERSION = YES;
				GCC_WARN_ABOUT_RETURN_TYPE = YES_ERROR;
				GCC_WARN_UNDECLARED_SELECTOR = YES;
				GCC_WARN_UNINITIALIZED_AUTOS = YES_AGGRESSIVE;
				GCC_WARN_UNUSED_FUNCTION = YES;
				GCC_WARN_UNUSED_VARIABLE = YES;
				IPHONEOS_DEPLOYMENT_TARGET = 11.1;
				MTL_ENABLE_DEBUG_INFO = NO;
				SDKROOT = iphoneos;
				SWIFT_OPTIMIZATION_LEVEL = "-Owholemodule";
				VALIDATE_PRODUCT = YES;
			};
			name = Release;
		};
		FF8EBFAB1FF1E5DE004341AB /* Debug */ = {
			isa = XCBuildConfiguration;
			buildSettings = {
				ASSETCATALOG_COMPILER_APPICON_NAME = AppIcon;
				CODE_SIGN_STYLE = Automatic;
				DEVELOPMENT_TEAM = 56AJJ634ZU;
				INFOPLIST_FILE = "$(SRCROOT)/ColorNumber/SupportingFiles/Info.plist";
				LD_RUNPATH_SEARCH_PATHS = "$(inherited) @executable_path/Frameworks";
				PRODUCT_BUNDLE_IDENTIFIER = com.BigZero.ColorNumber;
				PRODUCT_NAME = "$(TARGET_NAME)";
				SWIFT_VERSION = 4.0;
				TARGETED_DEVICE_FAMILY = "1,2";
			};
			name = Debug;
		};
		FF8EBFAC1FF1E5DE004341AB /* Release */ = {
			isa = XCBuildConfiguration;
			buildSettings = {
				ASSETCATALOG_COMPILER_APPICON_NAME = AppIcon;
				CODE_SIGN_STYLE = Automatic;
				DEVELOPMENT_TEAM = 56AJJ634ZU;
				INFOPLIST_FILE = "$(SRCROOT)/ColorNumber/SupportingFiles/Info.plist";
				LD_RUNPATH_SEARCH_PATHS = "$(inherited) @executable_path/Frameworks";
				PRODUCT_BUNDLE_IDENTIFIER = com.BigZero.ColorNumber;
				PRODUCT_NAME = "$(TARGET_NAME)";
				SWIFT_VERSION = 4.0;
				TARGETED_DEVICE_FAMILY = "1,2";
			};
			name = Release;
		};
/* End XCBuildConfiguration section */

/* Begin XCConfigurationList section */
		FF8EBF901FF1E5DE004341AB /* Build configuration list for PBXProject "ColorNumber" */ = {
			isa = XCConfigurationList;
			buildConfigurations = (
				FF8EBFA81FF1E5DE004341AB /* Debug */,
				FF8EBFA91FF1E5DE004341AB /* Release */,
			);
			defaultConfigurationIsVisible = 0;
			defaultConfigurationName = Release;
		};
		FF8EBFAA1FF1E5DE004341AB /* Build configuration list for PBXNativeTarget "ColorNumber" */ = {
			isa = XCConfigurationList;
			buildConfigurations = (
				FF8EBFAB1FF1E5DE004341AB /* Debug */,
				FF8EBFAC1FF1E5DE004341AB /* Release */,
			);
			defaultConfigurationIsVisible = 0;
			defaultConfigurationName = Release;
		};
/* End XCConfigurationList section */

/* Begin XCVersionGroup section */
		FF8EBF9F1FF1E5DE004341AB /* ColorNumber.xcdatamodeld */ = {
			isa = XCVersionGroup;
			children = (
				FF8EBFA01FF1E5DE004341AB /* ColorNumber.xcdatamodel */,
			);
			currentVersion = FF8EBFA01FF1E5DE004341AB /* ColorNumber.xcdatamodel */;
			path = ColorNumber.xcdatamodeld;
			sourceTree = "<group>";
			versionGroupType = wrapper.xcdatamodel;
		};
/* End XCVersionGroup section */
	};
	rootObject = FF8EBF8D1FF1E5DE004341AB /* Project object */;
}
